// !$*UTF8*$!
{
	archiveVersion = 1;
	classes = {
	};
	objectVersion = 46;
	objects = {

/* Begin PBXBuildFile section */
		D9C7DFE21DEE0EAD00E9B310 /* AppDelegate.swift in Sources */ = {isa = PBXBuildFile; fileRef = D9C7DFE11DEE0EAD00E9B310 /* AppDelegate.swift */; };
		D9C7DFE41DEE0EAD00E9B310 /* ViewController.swift in Sources */ = {isa = PBXBuildFile; fileRef = D9C7DFE31DEE0EAD00E9B310 /* ViewController.swift */; };
		D9C7DFE71DEE0EAD00E9B310 /* Main.storyboard in Resources */ = {isa = PBXBuildFile; fileRef = D9C7DFE51DEE0EAD00E9B310 /* Main.storyboard */; };
		D9C7DFE91DEE0EAD00E9B310 /* Assets.xcassets in Resources */ = {isa = PBXBuildFile; fileRef = D9C7DFE81DEE0EAD00E9B310 /* Assets.xcassets */; };
		D9C7DFEC1DEE0EAD00E9B310 /* LaunchScreen.storyboard in Resources */ = {isa = PBXBuildFile; fileRef = D9C7DFEA1DEE0EAD00E9B310 /* LaunchScreen.storyboard */; };
/* End PBXBuildFile section */

/* Begin PBXFileReference section */
		D9C7DFDE1DEE0EAD00E9B310 /* MeetupOrganizer.app */ = {isa = PBXFileReference; explicitFileType = wrapper.application; includeInIndex = 0; path = MeetupOrganizer.app; sourceTree = BUILT_PRODUCTS_DIR; };
		D9C7DFE11DEE0EAD00E9B310 /* AppDelegate.swift */ = {isa = PBXFileReference; lastKnownFileType = sourcecode.swift; path = AppDelegate.swift; sourceTree = "<group>"; };
		D9C7DFE31DEE0EAD00E9B310 /* ViewController.swift */ = {isa = PBXFileReference; lastKnownFileType = sourcecode.swift; path = ViewController.swift; sourceTree = "<group>"; };
		D9C7DFE61DEE0EAD00E9B310 /* Base */ = {isa = PBXFileReference; lastKnownFileType = file.storyboard; name = Base; path = Base.lproj/Main.storyboard; sourceTree = "<group>"; };
		D9C7DFE81DEE0EAD00E9B310 /* Assets.xcassets */ = {isa = PBXFileReference; lastKnownFileType = folder.assetcatalog; path = Assets.xcassets; sourceTree = "<group>"; };
		D9C7DFEB1DEE0EAD00E9B310 /* Base */ = {isa = PBXFileReference; lastKnownFileType = file.storyboard; name = Base; path = Base.lproj/LaunchScreen.storyboard; sourceTree = "<group>"; };
		D9C7DFED1DEE0EAD00E9B310 /* Info.plist */ = {isa = PBXFileReference; lastKnownFileType = text.plist.xml; path = Info.plist; sourceTree = "<group>"; };
/* End PBXFileReference section */

/* Begin PBXFrameworksBuildPhase section */
		D9C7DFDB1DEE0EAD00E9B310 /* Frameworks */ = {
			isa = PBXFrameworksBuildPhase;
			buildActionMask = 2147483647;
			files = (
			);
			runOnlyForDeploymentPostprocessing = 0;
		};
/* End PBXFrameworksBuildPhase section */

/* Begin PBXGroup section */
		D9C7DFD51DEE0EAD00E9B310 = {
			isa = PBXGroup;
			children = (
				D9C7DFE01DEE0EAD00E9B310 /* MeetupOrganizer */,
				D9C7DFDF1DEE0EAD00E9B310 /* Products */,
			);
			sourceTree = "<group>";
		};
		D9C7DFDF1DEE0EAD00E9B310 /* Products */ = {
			isa = PBXGroup;
			children = (
				D9C7DFDE1DEE0EAD00E9B310 /* MeetupOrganizer.app */,
			);
			name = Products;
			sourceTree = "<group>";
		};
		D9C7DFE01DEE0EAD00E9B310 /* MeetupOrganizer */ = {
			isa = PBXGroup;
			children = (
				D9C7DFE11DEE0EAD00E9B310 /* AppDelegate.swift */,
				D9C7DFE31DEE0EAD00E9B310 /* ViewController.swift */,
				D9C7DFE51DEE0EAD00E9B310 /* Main.storyboard */,
				D9C7DFE81DEE0EAD00E9B310 /* Assets.xcassets */,
				D9C7DFEA1DEE0EAD00E9B310 /* LaunchScreen.storyboard */,
				D9C7DFED1DEE0EAD00E9B310 /* Info.plist */,
			);
			path = MeetupOrganizer;
			sourceTree = "<group>";
		};
/* End PBXGroup section */

/* Begin PBXNativeTarget section */
		D9C7DFDD1DEE0EAD00E9B310 /* MeetupOrganizer */ = {
			isa = PBXNativeTarget;
			buildConfigurationList = D9C7DFF01DEE0EAD00E9B310 /* Build configuration list for PBXNativeTarget "MeetupOrganizer" */;
			buildPhases = (
				D9C7DFDA1DEE0EAD00E9B310 /* Sources */,
				D9C7DFDB1DEE0EAD00E9B310 /* Frameworks */,
				D9C7DFDC1DEE0EAD00E9B310 /* Resources */,
			);
			buildRules = (
			);
			dependencies = (
			);
			name = MeetupOrganizer;
			productName = MeetupOrganizer;
			productReference = D9C7DFDE1DEE0EAD00E9B310 /* MeetupOrganizer.app */;
			productType = "com.apple.product-type.application";
		};
/* End PBXNativeTarget section */

/* Begin PBXProject section */
		D9C7DFD61DEE0EAD00E9B310 /* Project object */ = {
			isa = PBXProject;
			attributes = {
				LastSwiftUpdateCheck = 0810;
				LastUpgradeCheck = 0810;
				ORGANIZATIONNAME = "Ayuna NYC";
				TargetAttributes = {
					D9C7DFDD1DEE0EAD00E9B310 = {
						CreatedOnToolsVersion = 8.1;
						DevelopmentTeam = N48NM3R37Q;
						ProvisioningStyle = Automatic;
					};
				};
			};
			buildConfigurationList = D9C7DFD91DEE0EAD00E9B310 /* Build configuration list for PBXProject "MeetupOrganizer" */;
			compatibilityVersion = "Xcode 3.2";
			developmentRegion = English;
			hasScannedForEncodings = 0;
			knownRegions = (
				en,
				Base,
			);
			mainGroup = D9C7DFD51DEE0EAD00E9B310;
			productRefGroup = D9C7DFDF1DEE0EAD00E9B310 /* Products */;
			projectDirPath = "";
			projectRoot = "";
			targets = (
				D9C7DFDD1DEE0EAD00E9B310 /* MeetupOrganizer */,
			);
		};
/* End PBXProject section */

/* Begin PBXResourcesBuildPhase section */
		D9C7DFDC1DEE0EAD00E9B310 /* Resources */ = {
			isa = PBXResourcesBuildPhase;
			buildActionMask = 2147483647;
			files = (
				D9C7DFEC1DEE0EAD00E9B310 /* LaunchScreen.storyboard in Resources */,
				D9C7DFE91DEE0EAD00E9B310 /* Assets.xcassets in Resources */,
				D9C7DFE71DEE0EAD00E9B310 /* Main.storyboard in Resources */,
			);
			runOnlyForDeploymentPostprocessing = 0;
		};
/* End PBXResourcesBuildPhase section */

/* Begin PBXSourcesBuildPhase section */
		D9C7DFDA1DEE0EAD00E9B310 /* Sources */ = {
			isa = PBXSourcesBuildPhase;
			buildActionMask = 2147483647;
			files = (
				D9C7DFE41DEE0EAD00E9B310 /* ViewController.swift in Sources */,
				D9C7DFE21DEE0EAD00E9B310 /* AppDelegate.swift in Sources */,
			);
			runOnlyForDeploymentPostprocessing = 0;
		};
/* End PBXSourcesBuildPhase section */

/* Begin PBXVariantGroup section */
		D9C7DFE51DEE0EAD00E9B310 /* Main.storyboard */ = {
			isa = PBXVariantGroup;
			children = (
				D9C7DFE61DEE0EAD00E9B310 /* Base */,
			);
			name = Main.storyboard;
			sourceTree = "<group>";
		};
		D9C7DFEA1DEE0EAD00E9B310 /* LaunchScreen.storyboard */ = {
			isa = PBXVariantGroup;
			children = (
				D9C7DFEB1DEE0EAD00E9B310 /* Base */,
			);
			name = LaunchScreen.storyboard;
			sourceTree = "<group>";
		};
/* End PBXVariantGroup section */

/* Begin XCBuildConfiguration section */
		D9C7DFEE1DEE0EAD00E9B310 /* Debug */ = {
			isa = XCBuildConfiguration;
			buildSettings = {
				ALWAYS_SEARCH_USER_PATHS = NO;
				CLANG_ANALYZER_NONNULL = YES;
				CLANG_CXX_LANGUAGE_STANDARD = "gnu++0x";
				CLANG_CXX_LIBRARY = "libc++";
				CLANG_ENABLE_MODULES = YES;
				CLANG_ENABLE_OBJC_ARC = YES;
				CLANG_WARN_BOOL_CONVERSION = YES;
				CLANG_WARN_CONSTANT_CONVERSION = YES;
				CLANG_WARN_DIRECT_OBJC_ISA_USAGE = YES_ERROR;
				CLANG_WARN_DOCUMENTATION_COMMENTS = YES;
				CLANG_WARN_EMPTY_BODY = YES;
				CLANG_WARN_ENUM_CONVERSION = YES;
				CLANG_WARN_INFINITE_RECURSION = YES;
				CLANG_WARN_INT_CONVERSION = YES;
				CLANG_WARN_OBJC_ROOT_CLASS = YES_ERROR;
				CLANG_WARN_SUSPICIOUS_MOVES = YES;
				CLANG_WARN_UNREACHABLE_CODE = YES;
				CLANG_WARN__DUPLICATE_METHOD_MATCH = YES;
				"CODE_SIGN_IDENTITY[sdk=iphoneos*]" = "iPhone Developer";
				COPY_PHASE_STRIP = NO;
				DEBUG_INFORMATION_FORMAT = dwarf;
				ENABLE_STRICT_OBJC_MSGSEND = YES;
				ENABLE_TESTABILITY = YES;
				GCC_C_LANGUAGE_STANDARD = gnu99;
				GCC_DYNAMIC_NO_PIC = NO;
				GCC_NO_COMMON_BLOCKS = YES;
				GCC_OPTIMIZATION_LEVEL = 0;
				GCC_PREPROCESSOR_DEFINITIONS = (
					"DEBUG=1",
					"$(inherited)",
				);
				GCC_WARN_64_TO_32_BIT_CONVERSION = YES;
				GCC_WARN_ABOUT_RETURN_TYPE = YES_ERROR;
				GCC_WARN_UNDECLARED_SELECTOR = YES;
				GCC_WARN_UNINITIALIZED_AUTOS = YES_AGGRESSIVE;
				GCC_WARN_UNUSED_FUNCTION = YES;
				GCC_WARN_UNUSED_VARIABLE = YES;
				IPHONEOS_DEPLOYMENT_TARGET = 10.1;
				MTL_ENABLE_DEBUG_INFO = YES;
				ONLY_ACTIVE_ARCH = YES;
				SDKROOT = iphoneos;
				SWIFT_ACTIVE_COMPILATION_CONDITIONS = DEBUG;
				SWIFT_OPTIMIZATION_LEVEL = "-Onone";
			};
			name = Debug;
		};
		D9C7DFEF1DEE0EAD00E9B310 /* Release */ = {
			isa = XCBuildConfiguration;
			buildSettings = {
				ALWAYS_SEARCH_USER_PATHS = NO;
				CLANG_ANALYZER_NONNULL = YES;
				CLANG_CXX_LANGUAGE_STANDARD = "gnu++0x";
				CLANG_CXX_LIBRARY = "libc++";
				CLANG_ENABLE_MODULES = YES;
				CLANG_ENABLE_OBJC_ARC = YES;
				CLANG_WARN_BOOL_CONVERSION = YES;
				CLANG_WARN_CONSTANT_CONVERSION = YES;
				CLANG_WARN_DIRECT_OBJC_ISA_USAGE = YES_ERROR;
				CLANG_WARN_DOCUMENTATION_COMMENTS = YES;
				CLANG_WARN_EMPTY_BODY = YES;
				CLANG_WARN_ENUM_CONVERSION = YES;
				CLANG_WARN_INFINITE_RECURSION = YES;
				CLANG_WARN_INT_CONVERSION = YES;
				CLANG_WARN_OBJC_ROOT_CLASS = YES_ERROR;
				CLANG_WARN_SUSPICIOUS_MOVES = YES;
				CLANG_WARN_UNREACHABLE_CODE = YES;
				CLANG_WARN__DUPLICATE_METHOD_MATCH = YES;
				"CODE_SIGN_IDENTITY[sdk=iphoneos*]" = "iPhone Developer";
				COPY_PHASE_STRIP = NO;
				DEBUG_INFORMATION_FORMAT = "dwarf-with-dsym";
				ENABLE_NS_ASSERTIONS = NO;
				ENABLE_STRICT_OBJC_MSGSEND = YES;
				GCC_C_LANGUAGE_STANDARD = gnu99;
				GCC_NO_COMMON_BLOCKS = YES;
				GCC_WARN_64_TO_32_BIT_CONVERSION = YES;
				GCC_WARN_ABOUT_RETURN_TYPE = YES_ERROR;
				GCC_WARN_UNDECLARED_SELECTOR = YES;
				GCC_WARN_UNINITIALIZED_AUTOS = YES_AGGRESSIVE;
				GCC_WARN_UNUSED_FUNCTION = YES;
				GCC_WARN_UNUSED_VARIABLE = YES;
				IPHONEOS_DEPLOYMENT_TARGET = 10.1;
				MTL_ENABLE_DEBUG_INFO = NO;
				SDKROOT = iphoneos;
				SWIFT_OPTIMIZATION_LEVEL = "-Owholemodule";
				VALIDATE_PRODUCT = YES;
			};
			name = Release;
		};
		D9C7DFF11DEE0EAD00E9B310 /* Debug */ = {
			isa = XCBuildConfiguration;
			buildSettings = {
				ASSETCATALOG_COMPILER_APPICON_NAME = AppIcon;
				DEVELOPMENT_TEAM = N48NM3R37Q;
				INFOPLIST_FILE = MeetupOrganizer/Info.plist;
				LD_RUNPATH_SEARCH_PATHS = "$(inherited) @executable_path/Frameworks";
				PRODUCT_BUNDLE_IDENTIFIER = com.ayunavogel.MeetupOrganizer;
				PRODUCT_NAME = "$(TARGET_NAME)";
				SWIFT_VERSION = 3.0;
			};
			name = Debug;
		};
		D9C7DFF21DEE0EAD00E9B310 /* Release */ = {
			isa = XCBuildConfiguration;
			buildSettings = {
				ASSETCATALOG_COMPILER_APPICON_NAME = AppIcon;
				DEVELOPMENT_TEAM = N48NM3R37Q;
				INFOPLIST_FILE = MeetupOrganizer/Info.plist;
				LD_RUNPATH_SEARCH_PATHS = "$(inherited) @executable_path/Frameworks";
				PRODUCT_BUNDLE_IDENTIFIER = com.ayunavogel.MeetupOrganizer;
				PRODUCT_NAME = "$(TARGET_NAME)";
				SWIFT_VERSION = 3.0;
			};
			name = Release;
		};
/* End XCBuildConfiguration section */

/* Begin XCConfigurationList section */
		D9C7DFD91DEE0EAD00E9B310 /* Build configuration list for PBXProject "MeetupOrganizer" */ = {
			isa = XCConfigurationList;
			buildConfigurations = (
				D9C7DFEE1DEE0EAD00E9B310 /* Debug */,
				D9C7DFEF1DEE0EAD00E9B310 /* Release */,
			);
			defaultConfigurationIsVisible = 0;
			defaultConfigurationName = Release;
		};
		D9C7DFF01DEE0EAD00E9B310 /* Build configuration list for PBXNativeTarget "MeetupOrganizer" */ = {
			isa = XCConfigurationList;
			buildConfigurations = (
				D9C7DFF11DEE0EAD00E9B310 /* Debug */,
				D9C7DFF21DEE0EAD00E9B310 /* Release */,
			);
			defaultConfigurationIsVisible = 0;
		};
/* End XCConfigurationList section */
	};
	rootObject = D9C7DFD61DEE0EAD00E9B310 /* Project object */;
}
