// !$*UTF8*$!
{
	archiveVersion = 1;
	classes = {
	};
	objectVersion = 46;
	objects = {

/* Begin PBXBuildFile section */
		66EE2640373303A06E35173A /* Pods_MeetupOrganizer.framework in Frameworks */ = {isa = PBXBuildFile; fileRef = 381890ACB8A1520C3032B146 /* Pods_MeetupOrganizer.framework */; };
		D97416371E04E99800586D59 /* EventsTableViewCell.swift in Sources */ = {isa = PBXBuildFile; fileRef = D97416361E04E99800586D59 /* EventsTableViewCell.swift */; };
		D98EFD701E08ECEA00602612 /* LoginViewController.swift in Sources */ = {isa = PBXBuildFile; fileRef = D98EFD6F1E08ECEA00602612 /* LoginViewController.swift */; };
		D98EFD721E09BE9800602612 /* Constants.swift in Sources */ = {isa = PBXBuildFile; fileRef = D98EFD711E09BE9800602612 /* Constants.swift */; };
		D9C7DFE21DEE0EAD00E9B310 /* AppDelegate.swift in Sources */ = {isa = PBXBuildFile; fileRef = D9C7DFE11DEE0EAD00E9B310 /* AppDelegate.swift */; };
		D9C7DFE71DEE0EAD00E9B310 /* Main.storyboard in Resources */ = {isa = PBXBuildFile; fileRef = D9C7DFE51DEE0EAD00E9B310 /* Main.storyboard */; };
		D9C7DFE91DEE0EAD00E9B310 /* Assets.xcassets in Resources */ = {isa = PBXBuildFile; fileRef = D9C7DFE81DEE0EAD00E9B310 /* Assets.xcassets */; };
		D9C7DFEC1DEE0EAD00E9B310 /* LaunchScreen.storyboard in Resources */ = {isa = PBXBuildFile; fileRef = D9C7DFEA1DEE0EAD00E9B310 /* LaunchScreen.storyboard */; };
		D9C7DFF61DEE0FA700E9B310 /* EventsTableViewController.swift in Sources */ = {isa = PBXBuildFile; fileRef = D9C7DFF51DEE0FA700E9B310 /* EventsTableViewController.swift */; };
		D9C7DFF81DEE0FBA00E9B310 /* EventDetailViewController.swift in Sources */ = {isa = PBXBuildFile; fileRef = D9C7DFF71DEE0FBA00E9B310 /* EventDetailViewController.swift */; };
		D9C7DFFA1DEE105D00E9B310 /* Meetup.swift in Sources */ = {isa = PBXBuildFile; fileRef = D9C7DFF91DEE105D00E9B310 /* Meetup.swift */; };
		D9C7DFFC1DEE109A00E9B310 /* MeetupRouter.swift in Sources */ = {isa = PBXBuildFile; fileRef = D9C7DFFB1DEE109A00E9B310 /* MeetupRouter.swift */; };
		D9C7DFFE1DEE10A600E9B310 /* MeetupAPI.swift in Sources */ = {isa = PBXBuildFile; fileRef = D9C7DFFD1DEE10A600E9B310 /* MeetupAPI.swift */; };
		D9F517201DF7476700098B8D /* PhotoGalleryDataSource.swift in Sources */ = {isa = PBXBuildFile; fileRef = D9F5171F1DF7476700098B8D /* PhotoGalleryDataSource.swift */; };
		D9F517221DF7488900098B8D /* PhotoCollectionViewCell.swift in Sources */ = {isa = PBXBuildFile; fileRef = D9F517211DF7488900098B8D /* PhotoCollectionViewCell.swift */; };
		D9F517251DF9F36600098B8D /* User.swift in Sources */ = {isa = PBXBuildFile; fileRef = D9F517241DF9F36600098B8D /* User.swift */; };
		D9F517271DF9F3F100098B8D /* Event.swift in Sources */ = {isa = PBXBuildFile; fileRef = D9F517261DF9F3F100098B8D /* Event.swift */; };
		D9FEB8F11E02604A00385A0B /* UIActivityIndicatorViewUtils.swift in Sources */ = {isa = PBXBuildFile; fileRef = D9FEB8F01E02604A00385A0B /* UIActivityIndicatorViewUtils.swift */; };
/* End PBXBuildFile section */

/* Begin PBXFileReference section */
		381890ACB8A1520C3032B146 /* Pods_MeetupOrganizer.framework */ = {isa = PBXFileReference; explicitFileType = wrapper.framework; includeInIndex = 0; path = Pods_MeetupOrganizer.framework; sourceTree = BUILT_PRODUCTS_DIR; };
		774723EC043831D83128192F /* Pods-MeetupOrganizer.debug.xcconfig */ = {isa = PBXFileReference; includeInIndex = 1; lastKnownFileType = text.xcconfig; name = "Pods-MeetupOrganizer.debug.xcconfig"; path = "Pods/Target Support Files/Pods-MeetupOrganizer/Pods-MeetupOrganizer.debug.xcconfig"; sourceTree = "<group>"; };
		8DEC5F795204547299471B9B /* Pods-MeetupOrganizer.release.xcconfig */ = {isa = PBXFileReference; includeInIndex = 1; lastKnownFileType = text.xcconfig; name = "Pods-MeetupOrganizer.release.xcconfig"; path = "Pods/Target Support Files/Pods-MeetupOrganizer/Pods-MeetupOrganizer.release.xcconfig"; sourceTree = "<group>"; };
		D97416361E04E99800586D59 /* EventsTableViewCell.swift */ = {isa = PBXFileReference; fileEncoding = 4; lastKnownFileType = sourcecode.swift; path = EventsTableViewCell.swift; sourceTree = "<group>"; };
		D98EFD6F1E08ECEA00602612 /* LoginViewController.swift */ = {isa = PBXFileReference; fileEncoding = 4; lastKnownFileType = sourcecode.swift; path = LoginViewController.swift; sourceTree = "<group>"; };
		D98EFD711E09BE9800602612 /* Constants.swift */ = {isa = PBXFileReference; fileEncoding = 4; lastKnownFileType = sourcecode.swift; path = Constants.swift; sourceTree = "<group>"; };
		D9C7DFDE1DEE0EAD00E9B310 /* MeetupOrganizer.app */ = {isa = PBXFileReference; explicitFileType = wrapper.application; includeInIndex = 0; path = MeetupOrganizer.app; sourceTree = BUILT_PRODUCTS_DIR; };
		D9C7DFE11DEE0EAD00E9B310 /* AppDelegate.swift */ = {isa = PBXFileReference; lastKnownFileType = sourcecode.swift; path = AppDelegate.swift; sourceTree = "<group>"; };
		D9C7DFE61DEE0EAD00E9B310 /* Base */ = {isa = PBXFileReference; lastKnownFileType = file.storyboard; name = Base; path = Base.lproj/Main.storyboard; sourceTree = "<group>"; };
		D9C7DFE81DEE0EAD00E9B310 /* Assets.xcassets */ = {isa = PBXFileReference; lastKnownFileType = folder.assetcatalog; path = Assets.xcassets; sourceTree = "<group>"; };
		D9C7DFEB1DEE0EAD00E9B310 /* Base */ = {isa = PBXFileReference; lastKnownFileType = file.storyboard; name = Base; path = Base.lproj/LaunchScreen.storyboard; sourceTree = "<group>"; };
		D9C7DFED1DEE0EAD00E9B310 /* Info.plist */ = {isa = PBXFileReference; lastKnownFileType = text.plist.xml; path = Info.plist; sourceTree = "<group>"; };
		D9C7DFF51DEE0FA700E9B310 /* EventsTableViewController.swift */ = {isa = PBXFileReference; fileEncoding = 4; lastKnownFileType = sourcecode.swift; path = EventsTableViewController.swift; sourceTree = "<group>"; };
		D9C7DFF71DEE0FBA00E9B310 /* EventDetailViewController.swift */ = {isa = PBXFileReference; fileEncoding = 4; lastKnownFileType = sourcecode.swift; path = EventDetailViewController.swift; sourceTree = "<group>"; };
		D9C7DFF91DEE105D00E9B310 /* Meetup.swift */ = {isa = PBXFileReference; fileEncoding = 4; lastKnownFileType = sourcecode.swift; path = Meetup.swift; sourceTree = "<group>"; };
		D9C7DFFB1DEE109A00E9B310 /* MeetupRouter.swift */ = {isa = PBXFileReference; fileEncoding = 4; lastKnownFileType = sourcecode.swift; path = MeetupRouter.swift; sourceTree = "<group>"; };
		D9C7DFFD1DEE10A600E9B310 /* MeetupAPI.swift */ = {isa = PBXFileReference; fileEncoding = 4; lastKnownFileType = sourcecode.swift; path = MeetupAPI.swift; sourceTree = "<group>"; };
		D9F5171F1DF7476700098B8D /* PhotoGalleryDataSource.swift */ = {isa = PBXFileReference; fileEncoding = 4; lastKnownFileType = sourcecode.swift; path = PhotoGalleryDataSource.swift; sourceTree = "<group>"; };
		D9F517211DF7488900098B8D /* PhotoCollectionViewCell.swift */ = {isa = PBXFileReference; fileEncoding = 4; lastKnownFileType = sourcecode.swift; path = PhotoCollectionViewCell.swift; sourceTree = "<group>"; };
		D9F517241DF9F36600098B8D /* User.swift */ = {isa = PBXFileReference; fileEncoding = 4; lastKnownFileType = sourcecode.swift; path = User.swift; sourceTree = "<group>"; };
		D9F517261DF9F3F100098B8D /* Event.swift */ = {isa = PBXFileReference; fileEncoding = 4; lastKnownFileType = sourcecode.swift; path = Event.swift; sourceTree = "<group>"; };
		D9FEB8F01E02604A00385A0B /* UIActivityIndicatorViewUtils.swift */ = {isa = PBXFileReference; fileEncoding = 4; lastKnownFileType = sourcecode.swift; path = UIActivityIndicatorViewUtils.swift; sourceTree = "<group>"; };
/* End PBXFileReference section */

/* Begin PBXFrameworksBuildPhase section */
		D9C7DFDB1DEE0EAD00E9B310 /* Frameworks */ = {
			isa = PBXFrameworksBuildPhase;
			buildActionMask = 2147483647;
			files = (
				66EE2640373303A06E35173A /* Pods_MeetupOrganizer.framework in Frameworks */,
			);
			runOnlyForDeploymentPostprocessing = 0;
		};
/* End PBXFrameworksBuildPhase section */

/* Begin PBXGroup section */
		0A588158F837B3AC1C50D750 /* Pods */ = {
			isa = PBXGroup;
			children = (
				774723EC043831D83128192F /* Pods-MeetupOrganizer.debug.xcconfig */,
				8DEC5F795204547299471B9B /* Pods-MeetupOrganizer.release.xcconfig */,
			);
			name = Pods;
			sourceTree = "<group>";
		};
		785FD78A312CC34FCC33E2A0 /* Frameworks */ = {
			isa = PBXGroup;
			children = (
				381890ACB8A1520C3032B146 /* Pods_MeetupOrganizer.framework */,
			);
			name = Frameworks;
			sourceTree = "<group>";
		};
		D9C7DFD51DEE0EAD00E9B310 = {
			isa = PBXGroup;
			children = (
				D9C7DFE01DEE0EAD00E9B310 /* MeetupOrganizer */,
				D9C7DFDF1DEE0EAD00E9B310 /* Products */,
				0A588158F837B3AC1C50D750 /* Pods */,
				785FD78A312CC34FCC33E2A0 /* Frameworks */,
			);
			sourceTree = "<group>";
		};
		D9C7DFDF1DEE0EAD00E9B310 /* Products */ = {
			isa = PBXGroup;
			children = (
				D9C7DFDE1DEE0EAD00E9B310 /* MeetupOrganizer.app */,
			);
			name = Products;
			sourceTree = "<group>";
		};
		D9C7DFE01DEE0EAD00E9B310 /* MeetupOrganizer */ = {
			isa = PBXGroup;
			children = (
				D9C7DFE11DEE0EAD00E9B310 /* AppDelegate.swift */,
				D98EFD711E09BE9800602612 /* Constants.swift */,
				D9FEB8F01E02604A00385A0B /* UIActivityIndicatorViewUtils.swift */,
				D9C7E00A1DEFEEC700E9B310 /* UI */,
				D9C7DFFF1DEE10AE00E9B310 /* Models */,
				D9C7E0091DEFEE8600E9B310 /* Networking */,
				D9F5172A1DFB61C600098B8D /* PhotoGallery */,
				D9F517231DF748B300098B8D /* Views */,
				D9C7E0001DEE10B500E9B310 /* ViewControllers */,
				D9C7E00B1DEFEED000E9B310 /* Resources */,
			);
			path = MeetupOrganizer;
			sourceTree = "<group>";
		};
		D9C7DFFF1DEE10AE00E9B310 /* Models */ = {
			isa = PBXGroup;
			children = (
				D9F517241DF9F36600098B8D /* User.swift */,
				D9F517261DF9F3F100098B8D /* Event.swift */,
				D9C7DFF91DEE105D00E9B310 /* Meetup.swift */,
			);
			name = Models;
			sourceTree = "<group>";
		};
		D9C7E0001DEE10B500E9B310 /* ViewControllers */ = {
			isa = PBXGroup;
			children = (
				D98EFD6F1E08ECEA00602612 /* LoginViewController.swift */,
				D9C7DFF51DEE0FA700E9B310 /* EventsTableViewController.swift */,
				D9C7DFF71DEE0FBA00E9B310 /* EventDetailViewController.swift */,
			);
			name = ViewControllers;
			sourceTree = "<group>";
		};
		D9C7E0091DEFEE8600E9B310 /* Networking */ = {
			isa = PBXGroup;
			children = (
				D9C7DFFB1DEE109A00E9B310 /* MeetupRouter.swift */,
				D9C7DFFD1DEE10A600E9B310 /* MeetupAPI.swift */,
			);
			name = Networking;
			sourceTree = "<group>";
		};
		D9C7E00A1DEFEEC700E9B310 /* UI */ = {
			isa = PBXGroup;
			children = (
				D9C7DFE51DEE0EAD00E9B310 /* Main.storyboard */,
				D9C7DFEA1DEE0EAD00E9B310 /* LaunchScreen.storyboard */,
			);
			name = UI;
			sourceTree = "<group>";
		};
		D9C7E00B1DEFEED000E9B310 /* Resources */ = {
			isa = PBXGroup;
			children = (
				D9C7DFE81DEE0EAD00E9B310 /* Assets.xcassets */,
				D9C7DFED1DEE0EAD00E9B310 /* Info.plist */,
			);
			name = Resources;
			sourceTree = "<group>";
		};
		D9F517231DF748B300098B8D /* Views */ = {
			isa = PBXGroup;
			children = (
				D97416361E04E99800586D59 /* EventsTableViewCell.swift */,
			);
			name = Views;
			sourceTree = "<group>";
		};
		D9F5172A1DFB61C600098B8D /* PhotoGallery */ = {
			isa = PBXGroup;
			children = (
				D9F5171F1DF7476700098B8D /* PhotoGalleryDataSource.swift */,
				D9F517211DF7488900098B8D /* PhotoCollectionViewCell.swift */,
			);
			name = PhotoGallery;
			sourceTree = "<group>";
		};
/* End PBXGroup section */

/* Begin PBXNativeTarget section */
		D9C7DFDD1DEE0EAD00E9B310 /* MeetupOrganizer */ = {
			isa = PBXNativeTarget;
			buildConfigurationList = D9C7DFF01DEE0EAD00E9B310 /* Build configuration list for PBXNativeTarget "MeetupOrganizer" */;
			buildPhases = (
				33186C450CD3B7EC4B911348 /* [CP] Check Pods Manifest.lock */,
				D9C7DFDA1DEE0EAD00E9B310 /* Sources */,
				D9C7DFDB1DEE0EAD00E9B310 /* Frameworks */,
				D9C7DFDC1DEE0EAD00E9B310 /* Resources */,
				E22F26EECBD60C2E13A4D03D /* [CP] Embed Pods Frameworks */,
				917DDC30EE593E57C5520F8D /* [CP] Copy Pods Resources */,
			);
			buildRules = (
			);
			dependencies = (
			);
			name = MeetupOrganizer;
			productName = MeetupOrganizer;
			productReference = D9C7DFDE1DEE0EAD00E9B310 /* MeetupOrganizer.app */;
			productType = "com.apple.product-type.application";
		};
/* End PBXNativeTarget section */

/* Begin PBXProject section */
		D9C7DFD61DEE0EAD00E9B310 /* Project object */ = {
			isa = PBXProject;
			attributes = {
				LastSwiftUpdateCheck = 0810;
				LastUpgradeCheck = 0810;
				ORGANIZATIONNAME = "Ayuna NYC";
				TargetAttributes = {
					D9C7DFDD1DEE0EAD00E9B310 = {
						CreatedOnToolsVersion = 8.1;
						DevelopmentTeam = N48NM3R37Q;
						ProvisioningStyle = Automatic;
					};
				};
			};
			buildConfigurationList = D9C7DFD91DEE0EAD00E9B310 /* Build configuration list for PBXProject "MeetupOrganizer" */;
			compatibilityVersion = "Xcode 3.2";
			developmentRegion = English;
			hasScannedForEncodings = 0;
			knownRegions = (
				en,
				Base,
			);
			mainGroup = D9C7DFD51DEE0EAD00E9B310;
			productRefGroup = D9C7DFDF1DEE0EAD00E9B310 /* Products */;
			projectDirPath = "";
			projectRoot = "";
			targets = (
				D9C7DFDD1DEE0EAD00E9B310 /* MeetupOrganizer */,
			);
		};
/* End PBXProject section */

/* Begin PBXResourcesBuildPhase section */
		D9C7DFDC1DEE0EAD00E9B310 /* Resources */ = {
			isa = PBXResourcesBuildPhase;
			buildActionMask = 2147483647;
			files = (
				D9C7DFEC1DEE0EAD00E9B310 /* LaunchScreen.storyboard in Resources */,
				D9C7DFE91DEE0EAD00E9B310 /* Assets.xcassets in Resources */,
				D9C7DFE71DEE0EAD00E9B310 /* Main.storyboard in Resources */,
			);
			runOnlyForDeploymentPostprocessing = 0;
		};
/* End PBXResourcesBuildPhase section */

/* Begin PBXShellScriptBuildPhase section */
		33186C450CD3B7EC4B911348 /* [CP] Check Pods Manifest.lock */ = {
			isa = PBXShellScriptBuildPhase;
			buildActionMask = 2147483647;
			files = (
			);
			inputPaths = (
			);
			name = "[CP] Check Pods Manifest.lock";
			outputPaths = (
			);
			runOnlyForDeploymentPostprocessing = 0;
			shellPath = /bin/sh;
			shellScript = "diff \"${PODS_ROOT}/../Podfile.lock\" \"${PODS_ROOT}/Manifest.lock\" > /dev/null\nif [ $? != 0 ] ; then\n    # print error to STDERR\n    echo \"error: The sandbox is not in sync with the Podfile.lock. Run 'pod install' or update your CocoaPods installation.\" >&2\n    exit 1\nfi\n";
			showEnvVarsInLog = 0;
		};
		917DDC30EE593E57C5520F8D /* [CP] Copy Pods Resources */ = {
			isa = PBXShellScriptBuildPhase;
			buildActionMask = 2147483647;
			files = (
			);
			inputPaths = (
			);
			name = "[CP] Copy Pods Resources";
			outputPaths = (
			);
			runOnlyForDeploymentPostprocessing = 0;
			shellPath = /bin/sh;
			shellScript = "\"${SRCROOT}/Pods/Target Support Files/Pods-MeetupOrganizer/Pods-MeetupOrganizer-resources.sh\"\n";
			showEnvVarsInLog = 0;
		};
		E22F26EECBD60C2E13A4D03D /* [CP] Embed Pods Frameworks */ = {
			isa = PBXShellScriptBuildPhase;
			buildActionMask = 2147483647;
			files = (
			);
			inputPaths = (
			);
			name = "[CP] Embed Pods Frameworks";
			outputPaths = (
			);
			runOnlyForDeploymentPostprocessing = 0;
			shellPath = /bin/sh;
			shellScript = "\"${SRCROOT}/Pods/Target Support Files/Pods-MeetupOrganizer/Pods-MeetupOrganizer-frameworks.sh\"\n";
			showEnvVarsInLog = 0;
		};
/* End PBXShellScriptBuildPhase section */

/* Begin PBXSourcesBuildPhase section */
		D9C7DFDA1DEE0EAD00E9B310 /* Sources */ = {
			isa = PBXSourcesBuildPhase;
			buildActionMask = 2147483647;
			files = (
				D9FEB8F11E02604A00385A0B /* UIActivityIndicatorViewUtils.swift in Sources */,
				D9C7DFFC1DEE109A00E9B310 /* MeetupRouter.swift in Sources */,
				D9F517221DF7488900098B8D /* PhotoCollectionViewCell.swift in Sources */,
				D9C7DFFE1DEE10A600E9B310 /* MeetupAPI.swift in Sources */,
				D97416371E04E99800586D59 /* EventsTableViewCell.swift in Sources */,
				D9C7DFF81DEE0FBA00E9B310 /* EventDetailViewController.swift in Sources */,
				D9F517271DF9F3F100098B8D /* Event.swift in Sources */,
				D9C7DFF61DEE0FA700E9B310 /* EventsTableViewController.swift in Sources */,
				D9C7DFFA1DEE105D00E9B310 /* Meetup.swift in Sources */,
				D98EFD721E09BE9800602612 /* Constants.swift in Sources */,
				D9C7DFE21DEE0EAD00E9B310 /* AppDelegate.swift in Sources */,
				D9F517201DF7476700098B8D /* PhotoGalleryDataSource.swift in Sources */,
				D98EFD701E08ECEA00602612 /* LoginViewController.swift in Sources */,
				D9F517251DF9F36600098B8D /* User.swift in Sources */,
			);
			runOnlyForDeploymentPostprocessing = 0;
		};
/* End PBXSourcesBuildPhase section */

/* Begin PBXVariantGroup section */
		D9C7DFE51DEE0EAD00E9B310 /* Main.storyboard */ = {
			isa = PBXVariantGroup;
			children = (
				D9C7DFE61DEE0EAD00E9B310 /* Base */,
			);
			name = Main.storyboard;
			sourceTree = "<group>";
		};
		D9C7DFEA1DEE0EAD00E9B310 /* LaunchScreen.storyboard */ = {
			isa = PBXVariantGroup;
			children = (
				D9C7DFEB1DEE0EAD00E9B310 /* Base */,
			);
			name = LaunchScreen.storyboard;
			sourceTree = "<group>";
		};
/* End PBXVariantGroup section */

/* Begin XCBuildConfiguration section */
		D9C7DFEE1DEE0EAD00E9B310 /* Debug */ = {
			isa = XCBuildConfiguration;
			buildSettings = {
				ALWAYS_SEARCH_USER_PATHS = NO;
				CLANG_ANALYZER_NONNULL = YES;
				CLANG_CXX_LANGUAGE_STANDARD = "gnu++0x";
				CLANG_CXX_LIBRARY = "libc++";
				CLANG_ENABLE_MODULES = YES;
				CLANG_ENABLE_OBJC_ARC = YES;
				CLANG_WARN_BOOL_CONVERSION = YES;
				CLANG_WARN_CONSTANT_CONVERSION = YES;
				CLANG_WARN_DIRECT_OBJC_ISA_USAGE = YES_ERROR;
				CLANG_WARN_DOCUMENTATION_COMMENTS = YES;
				CLANG_WARN_EMPTY_BODY = YES;
				CLANG_WARN_ENUM_CONVERSION = YES;
				CLANG_WARN_INFINITE_RECURSION = YES;
				CLANG_WARN_INT_CONVERSION = YES;
				CLANG_WARN_OBJC_ROOT_CLASS = YES_ERROR;
				CLANG_WARN_SUSPICIOUS_MOVE = YES;
				CLANG_WARN_SUSPICIOUS_MOVES = YES;
				CLANG_WARN_UNREACHABLE_CODE = YES;
				CLANG_WARN__DUPLICATE_METHOD_MATCH = YES;
				"CODE_SIGN_IDENTITY[sdk=iphoneos*]" = "iPhone Developer";
				COPY_PHASE_STRIP = NO;
				DEBUG_INFORMATION_FORMAT = dwarf;
				ENABLE_STRICT_OBJC_MSGSEND = YES;
				ENABLE_TESTABILITY = YES;
				GCC_C_LANGUAGE_STANDARD = gnu99;
				GCC_DYNAMIC_NO_PIC = NO;
				GCC_NO_COMMON_BLOCKS = YES;
				GCC_OPTIMIZATION_LEVEL = 0;
				GCC_PREPROCESSOR_DEFINITIONS = (
					"DEBUG=1",
					"$(inherited)",
				);
				GCC_WARN_64_TO_32_BIT_CONVERSION = YES;
				GCC_WARN_ABOUT_RETURN_TYPE = YES_ERROR;
				GCC_WARN_UNDECLARED_SELECTOR = YES;
				GCC_WARN_UNINITIALIZED_AUTOS = YES_AGGRESSIVE;
				GCC_WARN_UNUSED_FUNCTION = YES;
				GCC_WARN_UNUSED_VARIABLE = YES;
				IPHONEOS_DEPLOYMENT_TARGET = 10.1;
				MTL_ENABLE_DEBUG_INFO = YES;
				ONLY_ACTIVE_ARCH = YES;
				SDKROOT = iphoneos;
				SWIFT_ACTIVE_COMPILATION_CONDITIONS = DEBUG;
				SWIFT_OPTIMIZATION_LEVEL = "-Onone";
			};
			name = Debug;
		};
		D9C7DFEF1DEE0EAD00E9B310 /* Release */ = {
			isa = XCBuildConfiguration;
			buildSettings = {
				ALWAYS_SEARCH_USER_PATHS = NO;
				CLANG_ANALYZER_NONNULL = YES;
				CLANG_CXX_LANGUAGE_STANDARD = "gnu++0x";
				CLANG_CXX_LIBRARY = "libc++";
				CLANG_ENABLE_MODULES = YES;
				CLANG_ENABLE_OBJC_ARC = YES;
				CLANG_WARN_BOOL_CONVERSION = YES;
				CLANG_WARN_CONSTANT_CONVERSION = YES;
				CLANG_WARN_DIRECT_OBJC_ISA_USAGE = YES_ERROR;
				CLANG_WARN_DOCUMENTATION_COMMENTS = YES;
				CLANG_WARN_EMPTY_BODY = YES;
				CLANG_WARN_ENUM_CONVERSION = YES;
				CLANG_WARN_INFINITE_RECURSION = YES;
				CLANG_WARN_INT_CONVERSION = YES;
				CLANG_WARN_OBJC_ROOT_CLASS = YES_ERROR;
				CLANG_WARN_SUSPICIOUS_MOVE = YES;
				CLANG_WARN_SUSPICIOUS_MOVES = YES;
				CLANG_WARN_UNREACHABLE_CODE = YES;
				CLANG_WARN__DUPLICATE_METHOD_MATCH = YES;
				"CODE_SIGN_IDENTITY[sdk=iphoneos*]" = "iPhone Developer";
				COPY_PHASE_STRIP = NO;
				DEBUG_INFORMATION_FORMAT = "dwarf-with-dsym";
				ENABLE_NS_ASSERTIONS = NO;
				ENABLE_STRICT_OBJC_MSGSEND = YES;
				GCC_C_LANGUAGE_STANDARD = gnu99;
				GCC_NO_COMMON_BLOCKS = YES;
				GCC_WARN_64_TO_32_BIT_CONVERSION = YES;
				GCC_WARN_ABOUT_RETURN_TYPE = YES_ERROR;
				GCC_WARN_UNDECLARED_SELECTOR = YES;
				GCC_WARN_UNINITIALIZED_AUTOS = YES_AGGRESSIVE;
				GCC_WARN_UNUSED_FUNCTION = YES;
				GCC_WARN_UNUSED_VARIABLE = YES;
				IPHONEOS_DEPLOYMENT_TARGET = 10.1;
				MTL_ENABLE_DEBUG_INFO = NO;
				SDKROOT = iphoneos;
				SWIFT_OPTIMIZATION_LEVEL = "-Owholemodule";
				VALIDATE_PRODUCT = YES;
			};
			name = Release;
		};
		D9C7DFF11DEE0EAD00E9B310 /* Debug */ = {
			isa = XCBuildConfiguration;
			baseConfigurationReference = 774723EC043831D83128192F /* Pods-MeetupOrganizer.debug.xcconfig */;
			buildSettings = {
				ALWAYS_EMBED_SWIFT_STANDARD_LIBRARIES = YES;
				ASSETCATALOG_COMPILER_APPICON_NAME = AppIcon;
				DEVELOPMENT_TEAM = N48NM3R37Q;
				INFOPLIST_FILE = MeetupOrganizer/Info.plist;
				IPHONEOS_DEPLOYMENT_TARGET = 10.1;
				LD_RUNPATH_SEARCH_PATHS = "$(inherited) @executable_path/Frameworks";
				PRODUCT_BUNDLE_IDENTIFIER = com.ayunavogel.MeetupOrganizer;
				PRODUCT_NAME = "$(TARGET_NAME)";
				SWIFT_VERSION = 3.0;
			};
			name = Debug;
		};
		D9C7DFF21DEE0EAD00E9B310 /* Release */ = {
			isa = XCBuildConfiguration;
			baseConfigurationReference = 8DEC5F795204547299471B9B /* Pods-MeetupOrganizer.release.xcconfig */;
			buildSettings = {
				ALWAYS_EMBED_SWIFT_STANDARD_LIBRARIES = YES;
				ASSETCATALOG_COMPILER_APPICON_NAME = AppIcon;
				DEVELOPMENT_TEAM = N48NM3R37Q;
				INFOPLIST_FILE = MeetupOrganizer/Info.plist;
				IPHONEOS_DEPLOYMENT_TARGET = 10.1;
				LD_RUNPATH_SEARCH_PATHS = "$(inherited) @executable_path/Frameworks";
				PRODUCT_BUNDLE_IDENTIFIER = com.ayunavogel.MeetupOrganizer;
				PRODUCT_NAME = "$(TARGET_NAME)";
				SWIFT_VERSION = 3.0;
			};
			name = Release;
		};
/* End XCBuildConfiguration section */

/* Begin XCConfigurationList section */
		D9C7DFD91DEE0EAD00E9B310 /* Build configuration list for PBXProject "MeetupOrganizer" */ = {
			isa = XCConfigurationList;
			buildConfigurations = (
				D9C7DFEE1DEE0EAD00E9B310 /* Debug */,
				D9C7DFEF1DEE0EAD00E9B310 /* Release */,
			);
			defaultConfigurationIsVisible = 0;
			defaultConfigurationName = Release;
		};
		D9C7DFF01DEE0EAD00E9B310 /* Build configuration list for PBXNativeTarget "MeetupOrganizer" */ = {
			isa = XCConfigurationList;
			buildConfigurations = (
				D9C7DFF11DEE0EAD00E9B310 /* Debug */,
				D9C7DFF21DEE0EAD00E9B310 /* Release */,
			);
			defaultConfigurationIsVisible = 0;
			defaultConfigurationName = Release;
		};
/* End XCConfigurationList section */
	};
	rootObject = D9C7DFD61DEE0EAD00E9B310 /* Project object */;
}
